
Microsoft Visual Studio Solution File, Format Version 12.00
# Visual Studio Version 17
VisualStudioVersion = 17.0.32014.148
MinimumVisualStudioVersion = 10.0.40219.1
Project("{FAE04EC0-301F-11D3-BF4B-00C04F79EFBC}") = "BuckyBook", "BuckyBook\BuckyBook.csproj", "{FC38449F-0640-4FCB-8A1C-E96538B69629}"
EndProject
Global
	GlobalSection(SolutionConfigurationPlatforms) = preSolution
		Debug|Any CPU = Debug|Any CPU
		Release|Any CPU = Release|Any CPU
	EndGlobalSection
	GlobalSection(ProjectConfigurationPlatforms) = postSolution
		{FC38449F-0640-4FCB-8A1C-E96538B69629}.Debug|Any CPU.ActiveCfg = Debug|Any CPU
		{FC38449F-0640-4FCB-8A1C-E96538B69629}.Debug|Any CPU.Build.0 = Debug|Any CPU
		{FC38449F-0640-4FCB-8A1C-E96538B69629}.Release|Any CPU.ActiveCfg = Release|Any CPU
		{FC38449F-0640-4FCB-8A1C-E96538B69629}.Release|Any CPU.Build.0 = Release|Any CPU
	EndGlobalSection
	GlobalSection(SolutionProperties) = preSolution
		HideSolutionNode = FALSE
	EndGlobalSection
	GlobalSection(ExtensibilityGlobals) = postSolution
		SolutionGuid = {942BB33D-F44A-4A0E-8AC0-355D5679FB9E}
	EndGlobalSection
EndGlobal
